
Microsoft Visual Studio Solution File, Format Version 12.00
# Visual Studio Version 17
VisualStudioVersion = 17.11.35327.3
MinimumVisualStudioVersion = 10.0.40219.1
Project("{FAE04EC0-301F-11D3-BF4B-00C04F79EFBC}") = "nldtDay05Model", "nldtDay05Model\nldtDay05Model.csproj", "{E4A74BB7-FA5C-405D-90FE-536A3F07D639}"
EndProject
Global
	GlobalSection(SolutionConfigurationPlatforms) = preSolution
		Debug|Any CPU = Debug|Any CPU
		Release|Any CPU = Release|Any CPU
	EndGlobalSection
	GlobalSection(ProjectConfigurationPlatforms) = postSolution
		{E4A74BB7-FA5C-405D-90FE-536A3F07D639}.Debug|Any CPU.ActiveCfg = Debug|Any CPU
		{E4A74BB7-FA5C-405D-90FE-536A3F07D639}.Debug|Any CPU.Build.0 = Debug|Any CPU
		{E4A74BB7-FA5C-405D-90FE-536A3F07D639}.Release|Any CPU.ActiveCfg = Release|Any CPU
		{E4A74BB7-FA5C-405D-90FE-536A3F07D639}.Release|Any CPU.Build.0 = Release|Any CPU
	EndGlobalSection
	GlobalSection(SolutionProperties) = preSolution
		HideSolutionNode = FALSE
	EndGlobalSection
	GlobalSection(ExtensibilityGlobals) = postSolution
		SolutionGuid = {8B0949D2-50D5-4123-AD95-46AB10C0E292}
	EndGlobalSection
EndGlobal
